
Microsoft Visual Studio Solution File, Format Version 12.00
Project("{FAE04EC0-301F-11D3-BF4B-00C04F79EFBC}") = "Text Splitter", "Text Splitter\Text Splitter.csproj", "{6BC8DCDB-54CA-476B-BF88-FE61E10F524C}"
EndProject
Global
	GlobalSection(SolutionConfigurationPlatforms) = preSolution
		Debug|Any CPU = Debug|Any CPU
		Release|Any CPU = Release|Any CPU
	EndGlobalSection
	GlobalSection(ProjectConfigurationPlatforms) = postSolution
		{6BC8DCDB-54CA-476B-BF88-FE61E10F524C}.Debug|Any CPU.ActiveCfg = Debug|Any CPU
		{6BC8DCDB-54CA-476B-BF88-FE61E10F524C}.Debug|Any CPU.Build.0 = Debug|Any CPU
		{6BC8DCDB-54CA-476B-BF88-FE61E10F524C}.Release|Any CPU.ActiveCfg = Release|Any CPU
		{6BC8DCDB-54CA-476B-BF88-FE61E10F524C}.Release|Any CPU.Build.0 = Release|Any CPU
	EndGlobalSection
EndGlobal
