
Microsoft Visual Studio Solution File, Format Version 12.00
# Visual Studio Version 17
VisualStudioVersion = 17.7.34018.315
MinimumVisualStudioVersion = 10.0.40219.1
Project("{FAE04EC0-301F-11D3-BF4B-00C04F79EFBC}") = "HouseRenting", "HouseRenting\HouseRenting.csproj", "{D321FC5B-0374-4C77-94CB-56B8CD237635}"
EndProject
Global
	GlobalSection(SolutionConfigurationPlatforms) = preSolution
		Debug|Any CPU = Debug|Any CPU
		Release|Any CPU = Release|Any CPU
	EndGlobalSection
	GlobalSection(ProjectConfigurationPlatforms) = postSolution
		{D321FC5B-0374-4C77-94CB-56B8CD237635}.Debug|Any CPU.ActiveCfg = Debug|Any CPU
		{D321FC5B-0374-4C77-94CB-56B8CD237635}.Debug|Any CPU.Build.0 = Debug|Any CPU
		{D321FC5B-0374-4C77-94CB-56B8CD237635}.Release|Any CPU.ActiveCfg = Release|Any CPU
		{D321FC5B-0374-4C77-94CB-56B8CD237635}.Release|Any CPU.Build.0 = Release|Any CPU
	EndGlobalSection
	GlobalSection(SolutionProperties) = preSolution
		HideSolutionNode = FALSE
	EndGlobalSection
	GlobalSection(ExtensibilityGlobals) = postSolution
		SolutionGuid = {D69391AC-95D1-4E99-B69D-0A206C174371}
	EndGlobalSection
EndGlobal
