
Microsoft Visual Studio Solution File, Format Version 12.00
Project("{FAE04EC0-301F-11D3-BF4B-00C04F79EFBC}") = "TaskBoardApp", "TaskBoardApp\TaskBoardApp.csproj", "{88C60AD6-3C31-4A5D-A3D8-34D2760C05B6}"
EndProject
Project("{FAE04EC0-301F-11D3-BF4B-00C04F79EFBC}") = "TaskBoardApp.Data", "TaskBoardApp.Data\TaskBoardApp.Data.csproj", "{C3D42137-CB68-4E47-8B63-2B5DA15FC638}"
EndProject
Project("{FAE04EC0-301F-11D3-BF4B-00C04F79EFBC}") = "TaskBoardApp.Web.ViewModels", "TaskBoardApp.Web.ViewModels\TaskBoardApp.Web.ViewModels.csproj", "{D0B6A3F4-566D-4478-A346-6F7444F3A4F3}"
EndProject
Project("{FAE04EC0-301F-11D3-BF4B-00C04F79EFBC}") = "TaskBoardApp.Common", "TaskBoardApp.Common\TaskBoardApp.Common.csproj", "{201BAE1E-92AB-499B-A85F-B19453C92F09}"
EndProject
Project("{FAE04EC0-301F-11D3-BF4B-00C04F79EFBC}") = "TaskBoardApp.Data.Models", "TaskBoardApp.Data.Models\TaskBoardApp.Data.Models.csproj", "{B68AE52A-9FFB-48F4-95C5-CD666E309EFD}"
EndProject
Project("{FAE04EC0-301F-11D3-BF4B-00C04F79EFBC}") = "TaskBoardApp.Services", "TaskBoardApp.Services\TaskBoardApp.Services.csproj", "{1EF89B97-79BE-4239-8C25-43A1C229B950}"
EndProject
Global
	GlobalSection(SolutionConfigurationPlatforms) = preSolution
		Debug|Any CPU = Debug|Any CPU
		Release|Any CPU = Release|Any CPU
	EndGlobalSection
	GlobalSection(ProjectConfigurationPlatforms) = postSolution
		{88C60AD6-3C31-4A5D-A3D8-34D2760C05B6}.Debug|Any CPU.ActiveCfg = Debug|Any CPU
		{88C60AD6-3C31-4A5D-A3D8-34D2760C05B6}.Debug|Any CPU.Build.0 = Debug|Any CPU
		{88C60AD6-3C31-4A5D-A3D8-34D2760C05B6}.Release|Any CPU.ActiveCfg = Release|Any CPU
		{88C60AD6-3C31-4A5D-A3D8-34D2760C05B6}.Release|Any CPU.Build.0 = Release|Any CPU
		{C3D42137-CB68-4E47-8B63-2B5DA15FC638}.Debug|Any CPU.ActiveCfg = Debug|Any CPU
		{C3D42137-CB68-4E47-8B63-2B5DA15FC638}.Debug|Any CPU.Build.0 = Debug|Any CPU
		{C3D42137-CB68-4E47-8B63-2B5DA15FC638}.Release|Any CPU.ActiveCfg = Release|Any CPU
		{C3D42137-CB68-4E47-8B63-2B5DA15FC638}.Release|Any CPU.Build.0 = Release|Any CPU
		{D0B6A3F4-566D-4478-A346-6F7444F3A4F3}.Debug|Any CPU.ActiveCfg = Debug|Any CPU
		{D0B6A3F4-566D-4478-A346-6F7444F3A4F3}.Debug|Any CPU.Build.0 = Debug|Any CPU
		{D0B6A3F4-566D-4478-A346-6F7444F3A4F3}.Release|Any CPU.ActiveCfg = Release|Any CPU
		{D0B6A3F4-566D-4478-A346-6F7444F3A4F3}.Release|Any CPU.Build.0 = Release|Any CPU
		{201BAE1E-92AB-499B-A85F-B19453C92F09}.Debug|Any CPU.ActiveCfg = Debug|Any CPU
		{201BAE1E-92AB-499B-A85F-B19453C92F09}.Debug|Any CPU.Build.0 = Debug|Any CPU
		{201BAE1E-92AB-499B-A85F-B19453C92F09}.Release|Any CPU.ActiveCfg = Release|Any CPU
		{201BAE1E-92AB-499B-A85F-B19453C92F09}.Release|Any CPU.Build.0 = Release|Any CPU
		{B68AE52A-9FFB-48F4-95C5-CD666E309EFD}.Debug|Any CPU.ActiveCfg = Debug|Any CPU
		{B68AE52A-9FFB-48F4-95C5-CD666E309EFD}.Debug|Any CPU.Build.0 = Debug|Any CPU
		{B68AE52A-9FFB-48F4-95C5-CD666E309EFD}.Release|Any CPU.ActiveCfg = Release|Any CPU
		{B68AE52A-9FFB-48F4-95C5-CD666E309EFD}.Release|Any CPU.Build.0 = Release|Any CPU
		{1EF89B97-79BE-4239-8C25-43A1C229B950}.Debug|Any CPU.ActiveCfg = Debug|Any CPU
		{1EF89B97-79BE-4239-8C25-43A1C229B950}.Debug|Any CPU.Build.0 = Debug|Any CPU
		{1EF89B97-79BE-4239-8C25-43A1C229B950}.Release|Any CPU.ActiveCfg = Release|Any CPU
		{1EF89B97-79BE-4239-8C25-43A1C229B950}.Release|Any CPU.Build.0 = Release|Any CPU
	EndGlobalSection
EndGlobal
